
Microsoft Visual Studio Solution File, Format Version 12.00
# Visual Studio 15
VisualStudioVersion = 15.0.27130.2024
MinimumVisualStudioVersion = 10.0.40219.1
Project("{FAE04EC0-301F-11D3-BF4B-00C04F79EFBC}") = "Web", "Web\Web.csproj", "{BFFDFA7A-2460-4D55-BA6F-5FC5C25849B2}"
EndProject
Project("{FAE04EC0-301F-11D3-BF4B-00C04F79EFBC}") = "BLL", "BLL\BLL.csproj", "{0448D948-A354-4983-B28E-DEFFA392316F}"
EndProject
Project("{FAE04EC0-301F-11D3-BF4B-00C04F79EFBC}") = "DAL", "DAL\DAL.csproj", "{9B6C3B79-D8B9-4451-8A9A-BA26B23D667B}"
EndProject
Project("{FAE04EC0-301F-11D3-BF4B-00C04F79EFBC}") = "Utility", "Utility\Utility.csproj", "{4DB46E1D-7690-45E6-A0AB-2636E39430FF}"
EndProject
Project("{FAE04EC0-301F-11D3-BF4B-00C04F79EFBC}") = "Model", "Model\Model.csproj", "{259B794C-1CED-4655-A2C3-B21DEC596C86}"
EndProject
Project("{FAE04EC0-301F-11D3-BF4B-00C04F79EFBC}") = "HttpWebRequestClient", "HttpWebRequestClient\HttpWebRequestClient.csproj", "{498D812F-7A48-49BF-B1CB-49D02BA2F3D4}"
EndProject
Global
	GlobalSection(SolutionConfigurationPlatforms) = preSolution
		Debug|Any CPU = Debug|Any CPU
		Release|Any CPU = Release|Any CPU
	EndGlobalSection
	GlobalSection(ProjectConfigurationPlatforms) = postSolution
		{BFFDFA7A-2460-4D55-BA6F-5FC5C25849B2}.Debug|Any CPU.ActiveCfg = Debug|Any CPU
		{BFFDFA7A-2460-4D55-BA6F-5FC5C25849B2}.Debug|Any CPU.Build.0 = Debug|Any CPU
		{BFFDFA7A-2460-4D55-BA6F-5FC5C25849B2}.Release|Any CPU.ActiveCfg = Release|Any CPU
		{BFFDFA7A-2460-4D55-BA6F-5FC5C25849B2}.Release|Any CPU.Build.0 = Release|Any CPU
		{0448D948-A354-4983-B28E-DEFFA392316F}.Debug|Any CPU.ActiveCfg = Debug|Any CPU
		{0448D948-A354-4983-B28E-DEFFA392316F}.Debug|Any CPU.Build.0 = Debug|Any CPU
		{0448D948-A354-4983-B28E-DEFFA392316F}.Release|Any CPU.ActiveCfg = Release|Any CPU
		{0448D948-A354-4983-B28E-DEFFA392316F}.Release|Any CPU.Build.0 = Release|Any CPU
		{9B6C3B79-D8B9-4451-8A9A-BA26B23D667B}.Debug|Any CPU.ActiveCfg = Debug|Any CPU
		{9B6C3B79-D8B9-4451-8A9A-BA26B23D667B}.Debug|Any CPU.Build.0 = Debug|Any CPU
		{9B6C3B79-D8B9-4451-8A9A-BA26B23D667B}.Release|Any CPU.ActiveCfg = Release|Any CPU
		{9B6C3B79-D8B9-4451-8A9A-BA26B23D667B}.Release|Any CPU.Build.0 = Release|Any CPU
		{4DB46E1D-7690-45E6-A0AB-2636E39430FF}.Debug|Any CPU.ActiveCfg = Debug|Any CPU
		{4DB46E1D-7690-45E6-A0AB-2636E39430FF}.Debug|Any CPU.Build.0 = Debug|Any CPU
		{4DB46E1D-7690-45E6-A0AB-2636E39430FF}.Release|Any CPU.ActiveCfg = Release|Any CPU
		{4DB46E1D-7690-45E6-A0AB-2636E39430FF}.Release|Any CPU.Build.0 = Release|Any CPU
		{259B794C-1CED-4655-A2C3-B21DEC596C86}.Debug|Any CPU.ActiveCfg = Debug|Any CPU
		{259B794C-1CED-4655-A2C3-B21DEC596C86}.Debug|Any CPU.Build.0 = Debug|Any CPU
		{259B794C-1CED-4655-A2C3-B21DEC596C86}.Release|Any CPU.ActiveCfg = Release|Any CPU
		{259B794C-1CED-4655-A2C3-B21DEC596C86}.Release|Any CPU.Build.0 = Release|Any CPU
		{498D812F-7A48-49BF-B1CB-49D02BA2F3D4}.Debug|Any CPU.ActiveCfg = Debug|Any CPU
		{498D812F-7A48-49BF-B1CB-49D02BA2F3D4}.Debug|Any CPU.Build.0 = Debug|Any CPU
		{498D812F-7A48-49BF-B1CB-49D02BA2F3D4}.Release|Any CPU.ActiveCfg = Release|Any CPU
		{498D812F-7A48-49BF-B1CB-49D02BA2F3D4}.Release|Any CPU.Build.0 = Release|Any CPU
	EndGlobalSection
	GlobalSection(SolutionProperties) = preSolution
		HideSolutionNode = FALSE
	EndGlobalSection
	GlobalSection(ExtensibilityGlobals) = postSolution
		SolutionGuid = {BC1446EB-B305-4D66-A135-514594DD2B35}
	EndGlobalSection
	GlobalSection(PowerDesigner) = preSolution
		HasSWS = 1
	EndGlobalSection
EndGlobal
